
Microsoft Visual Studio Solution File, Format Version 12.00
Project("{FAE04EC0-301F-11D3-BF4B-00C04F79EFBC}") = "LGO.Service", "LGO.Service\LGO.Service.csproj", "{5376E5C6-7C18-4941-B67A-768F8941C872}"
EndProject
Global
	GlobalSection(SolutionConfigurationPlatforms) = preSolution
		Debug|Any CPU = Debug|Any CPU
		Release|Any CPU = Release|Any CPU
	EndGlobalSection
	GlobalSection(ProjectConfigurationPlatforms) = postSolution
		{5376E5C6-7C18-4941-B67A-768F8941C872}.Debug|Any CPU.ActiveCfg = Debug|Any CPU
		{5376E5C6-7C18-4941-B67A-768F8941C872}.Debug|Any CPU.Build.0 = Debug|Any CPU
		{5376E5C6-7C18-4941-B67A-768F8941C872}.Release|Any CPU.ActiveCfg = Release|Any CPU
		{5376E5C6-7C18-4941-B67A-768F8941C872}.Release|Any CPU.Build.0 = Release|Any CPU
	EndGlobalSection
EndGlobal
